// !$*UTF8*$!
{
	archiveVersion = 1;
	classes = {
	};
	objectVersion = 56;
	objects = {

/* Begin PBXBuildFile section */
		5B46985B2AF7D1D800E506AE /* AppDelegate.swift in Sources */ = {isa = PBXBuildFile; fileRef = 5B46985A2AF7D1D800E506AE /* AppDelegate.swift */; };
		5B46985D2AF7D1D800E506AE /* SceneDelegate.swift in Sources */ = {isa = PBXBuildFile; fileRef = 5B46985C2AF7D1D800E506AE /* SceneDelegate.swift */; };
		5B46985F2AF7D1D800E506AE /* ViewController.swift in Sources */ = {isa = PBXBuildFile; fileRef = 5B46985E2AF7D1D800E506AE /* ViewController.swift */; };
		5B4698622AF7D1D800E506AE /* Main.storyboard in Resources */ = {isa = PBXBuildFile; fileRef = 5B4698602AF7D1D800E506AE /* Main.storyboard */; };
		5B4698642AF7D1DA00E506AE /* Assets.xcassets in Resources */ = {isa = PBXBuildFile; fileRef = 5B4698632AF7D1DA00E506AE /* Assets.xcassets */; };
		5B4698672AF7D1DA00E506AE /* LaunchScreen.storyboard in Resources */ = {isa = PBXBuildFile; fileRef = 5B4698652AF7D1DA00E506AE /* LaunchScreen.storyboard */; };
		5B4698722AF7D1DA00E506AE /* WeldDataTestTests.swift in Sources */ = {isa = PBXBuildFile; fileRef = 5B4698712AF7D1DA00E506AE /* WeldDataTestTests.swift */; };
		5B46987C2AF7D1DA00E506AE /* WeldDataTestUITests.swift in Sources */ = {isa = PBXBuildFile; fileRef = 5B46987B2AF7D1DA00E506AE /* WeldDataTestUITests.swift */; };
		5B46987E2AF7D1DA00E506AE /* WeldDataTestUITestsLaunchTests.swift in Sources */ = {isa = PBXBuildFile; fileRef = 5B46987D2AF7D1DA00E506AE /* WeldDataTestUITestsLaunchTests.swift */; };
		5B46988B2AF7DFF900E506AE /* PassMenu.swift in Sources */ = {isa = PBXBuildFile; fileRef = 5B46988A2AF7DFF900E506AE /* PassMenu.swift */; };
		5B46988D2AF8003000E506AE /* SliderGridVC.swift in Sources */ = {isa = PBXBuildFile; fileRef = 5B46988C2AF8003000E506AE /* SliderGridVC.swift */; };
		5B4698952AFA901000E506AE /* StopWatchVC.swift in Sources */ = {isa = PBXBuildFile; fileRef = 5B4698942AFA901000E506AE /* StopWatchVC.swift */; };
/* End PBXBuildFile section */

/* Begin PBXContainerItemProxy section */
		5B46986E2AF7D1DA00E506AE /* PBXContainerItemProxy */ = {
			isa = PBXContainerItemProxy;
			containerPortal = 5B46984F2AF7D1D800E506AE /* Project object */;
			proxyType = 1;
			remoteGlobalIDString = 5B4698562AF7D1D800E506AE;
			remoteInfo = WeldDataTest;
		};
		5B4698782AF7D1DA00E506AE /* PBXContainerItemProxy */ = {
			isa = PBXContainerItemProxy;
			containerPortal = 5B46984F2AF7D1D800E506AE /* Project object */;
			proxyType = 1;
			remoteGlobalIDString = 5B4698562AF7D1D800E506AE;
			remoteInfo = WeldDataTest;
		};
/* End PBXContainerItemProxy section */

/* Begin PBXFileReference section */
		5B4698572AF7D1D800E506AE /* WeldDataTest.app */ = {isa = PBXFileReference; explicitFileType = wrapper.application; includeInIndex = 0; path = WeldDataTest.app; sourceTree = BUILT_PRODUCTS_DIR; };
		5B46985A2AF7D1D800E506AE /* AppDelegate.swift */ = {isa = PBXFileReference; lastKnownFileType = sourcecode.swift; path = AppDelegate.swift; sourceTree = "<group>"; };
		5B46985C2AF7D1D800E506AE /* SceneDelegate.swift */ = {isa = PBXFileReference; lastKnownFileType = sourcecode.swift; path = SceneDelegate.swift; sourceTree = "<group>"; };
		5B46985E2AF7D1D800E506AE /* ViewController.swift */ = {isa = PBXFileReference; lastKnownFileType = sourcecode.swift; path = ViewController.swift; sourceTree = "<group>"; };
		5B4698612AF7D1D800E506AE /* Base */ = {isa = PBXFileReference; lastKnownFileType = file.storyboard; name = Base; path = Base.lproj/Main.storyboard; sourceTree = "<group>"; };
		5B4698632AF7D1DA00E506AE /* Assets.xcassets */ = {isa = PBXFileReference; lastKnownFileType = folder.assetcatalog; path = Assets.xcassets; sourceTree = "<group>"; };
		5B4698662AF7D1DA00E506AE /* Base */ = {isa = PBXFileReference; lastKnownFileType = file.storyboard; name = Base; path = Base.lproj/LaunchScreen.storyboard; sourceTree = "<group>"; };
		5B4698682AF7D1DA00E506AE /* Info.plist */ = {isa = PBXFileReference; lastKnownFileType = text.plist.xml; path = Info.plist; sourceTree = "<group>"; };
		5B46986D2AF7D1DA00E506AE /* WeldDataTestTests.xctest */ = {isa = PBXFileReference; explicitFileType = wrapper.cfbundle; includeInIndex = 0; path = WeldDataTestTests.xctest; sourceTree = BUILT_PRODUCTS_DIR; };
		5B4698712AF7D1DA00E506AE /* WeldDataTestTests.swift */ = {isa = PBXFileReference; lastKnownFileType = sourcecode.swift; path = WeldDataTestTests.swift; sourceTree = "<group>"; };
		5B4698772AF7D1DA00E506AE /* WeldDataTestUITests.xctest */ = {isa = PBXFileReference; explicitFileType = wrapper.cfbundle; includeInIndex = 0; path = WeldDataTestUITests.xctest; sourceTree = BUILT_PRODUCTS_DIR; };
		5B46987B2AF7D1DA00E506AE /* WeldDataTestUITests.swift */ = {isa = PBXFileReference; lastKnownFileType = sourcecode.swift; path = WeldDataTestUITests.swift; sourceTree = "<group>"; };
		5B46987D2AF7D1DA00E506AE /* WeldDataTestUITestsLaunchTests.swift */ = {isa = PBXFileReference; lastKnownFileType = sourcecode.swift; path = WeldDataTestUITestsLaunchTests.swift; sourceTree = "<group>"; };
		5B46988A2AF7DFF900E506AE /* PassMenu.swift */ = {isa = PBXFileReference; lastKnownFileType = sourcecode.swift; path = PassMenu.swift; sourceTree = "<group>"; };
		5B46988C2AF8003000E506AE /* SliderGridVC.swift */ = {isa = PBXFileReference; lastKnownFileType = sourcecode.swift; path = SliderGridVC.swift; sourceTree = "<group>"; };
		5B4698942AFA901000E506AE /* StopWatchVC.swift */ = {isa = PBXFileReference; fileEncoding = 4; lastKnownFileType = sourcecode.swift; path = StopWatchVC.swift; sourceTree = "<group>"; };
/* End PBXFileReference section */

/* Begin PBXFrameworksBuildPhase section */
		5B4698542AF7D1D800E506AE /* Frameworks */ = {
			isa = PBXFrameworksBuildPhase;
			buildActionMask = 2147483647;
			files = (
			);
			runOnlyForDeploymentPostprocessing = 0;
		};
		5B46986A2AF7D1DA00E506AE /* Frameworks */ = {
			isa = PBXFrameworksBuildPhase;
			buildActionMask = 2147483647;
			files = (
			);
			runOnlyForDeploymentPostprocessing = 0;
		};
		5B4698742AF7D1DA00E506AE /* Frameworks */ = {
			isa = PBXFrameworksBuildPhase;
			buildActionMask = 2147483647;
			files = (
			);
			runOnlyForDeploymentPostprocessing = 0;
		};
/* End PBXFrameworksBuildPhase section */

/* Begin PBXGroup section */
		5B46984E2AF7D1D800E506AE = {
			isa = PBXGroup;
			children = (
				5B4698592AF7D1D800E506AE /* WeldDataTest */,
				5B4698702AF7D1DA00E506AE /* WeldDataTestTests */,
				5B46987A2AF7D1DA00E506AE /* WeldDataTestUITests */,
				5B4698582AF7D1D800E506AE /* Products */,
			);
			sourceTree = "<group>";
		};
		5B4698582AF7D1D800E506AE /* Products */ = {
			isa = PBXGroup;
			children = (
				5B4698572AF7D1D800E506AE /* WeldDataTest.app */,
				5B46986D2AF7D1DA00E506AE /* WeldDataTestTests.xctest */,
				5B4698772AF7D1DA00E506AE /* WeldDataTestUITests.xctest */,
			);
			name = Products;
			sourceTree = "<group>";
		};
		5B4698592AF7D1D800E506AE /* WeldDataTest */ = {
			isa = PBXGroup;
			children = (
				5B46985A2AF7D1D800E506AE /* AppDelegate.swift */,
				5B46985C2AF7D1D800E506AE /* SceneDelegate.swift */,
				5B46985E2AF7D1D800E506AE /* ViewController.swift */,
				5B46988A2AF7DFF900E506AE /* PassMenu.swift */,
				5B46988C2AF8003000E506AE /* SliderGridVC.swift */,
				5B4698942AFA901000E506AE /* StopWatchVC.swift */,
				5B4698602AF7D1D800E506AE /* Main.storyboard */,
				5B4698632AF7D1DA00E506AE /* Assets.xcassets */,
				5B4698652AF7D1DA00E506AE /* LaunchScreen.storyboard */,
				5B4698682AF7D1DA00E506AE /* Info.plist */,
			);
			path = WeldDataTest;
			sourceTree = "<group>";
		};
		5B4698702AF7D1DA00E506AE /* WeldDataTestTests */ = {
			isa = PBXGroup;
			children = (
				5B4698712AF7D1DA00E506AE /* WeldDataTestTests.swift */,
			);
			path = WeldDataTestTests;
			sourceTree = "<group>";
		};
		5B46987A2AF7D1DA00E506AE /* WeldDataTestUITests */ = {
			isa = PBXGroup;
			children = (
				5B46987B2AF7D1DA00E506AE /* WeldDataTestUITests.swift */,
				5B46987D2AF7D1DA00E506AE /* WeldDataTestUITestsLaunchTests.swift */,
			);
			path = WeldDataTestUITests;
			sourceTree = "<group>";
		};
/* End PBXGroup section */

/* Begin PBXNativeTarget section */
		5B4698562AF7D1D800E506AE /* WeldDataTest */ = {
			isa = PBXNativeTarget;
			buildConfigurationList = 5B4698812AF7D1DA00E506AE /* Build configuration list for PBXNativeTarget "WeldDataTest" */;
			buildPhases = (
				5B4698532AF7D1D800E506AE /* Sources */,
				5B4698542AF7D1D800E506AE /* Frameworks */,
				5B4698552AF7D1D800E506AE /* Resources */,
			);
			buildRules = (
			);
			dependencies = (
			);
			name = WeldDataTest;
			productName = WeldDataTest;
			productReference = 5B4698572AF7D1D800E506AE /* WeldDataTest.app */;
			productType = "com.apple.product-type.application";
		};
		5B46986C2AF7D1DA00E506AE /* WeldDataTestTests */ = {
			isa = PBXNativeTarget;
			buildConfigurationList = 5B4698842AF7D1DA00E506AE /* Build configuration list for PBXNativeTarget "WeldDataTestTests" */;
			buildPhases = (
				5B4698692AF7D1DA00E506AE /* Sources */,
				5B46986A2AF7D1DA00E506AE /* Frameworks */,
				5B46986B2AF7D1DA00E506AE /* Resources */,
			);
			buildRules = (
			);
			dependencies = (
				5B46986F2AF7D1DA00E506AE /* PBXTargetDependency */,
			);
			name = WeldDataTestTests;
			productName = WeldDataTestTests;
			productReference = 5B46986D2AF7D1DA00E506AE /* WeldDataTestTests.xctest */;
			productType = "com.apple.product-type.bundle.unit-test";
		};
		5B4698762AF7D1DA00E506AE /* WeldDataTestUITests */ = {
			isa = PBXNativeTarget;
			buildConfigurationList = 5B4698872AF7D1DA00E506AE /* Build configuration list for PBXNativeTarget "WeldDataTestUITests" */;
			buildPhases = (
				5B4698732AF7D1DA00E506AE /* Sources */,
				5B4698742AF7D1DA00E506AE /* Frameworks */,
				5B4698752AF7D1DA00E506AE /* Resources */,
			);
			buildRules = (
			);
			dependencies = (
				5B4698792AF7D1DA00E506AE /* PBXTargetDependency */,
			);
			name = WeldDataTestUITests;
			productName = WeldDataTestUITests;
			productReference = 5B4698772AF7D1DA00E506AE /* WeldDataTestUITests.xctest */;
			productType = "com.apple.product-type.bundle.ui-testing";
		};
/* End PBXNativeTarget section */

/* Begin PBXProject section */
		5B46984F2AF7D1D800E506AE /* Project object */ = {
			isa = PBXProject;
			attributes = {
				BuildIndependentTargetsInParallel = 1;
				LastSwiftUpdateCheck = 1500;
				LastUpgradeCheck = 1500;
				TargetAttributes = {
					5B4698562AF7D1D800E506AE = {
						CreatedOnToolsVersion = 15.0;
					};
					5B46986C2AF7D1DA00E506AE = {
						CreatedOnToolsVersion = 15.0;
						TestTargetID = 5B4698562AF7D1D800E506AE;
					};
					5B4698762AF7D1DA00E506AE = {
						CreatedOnToolsVersion = 15.0;
						TestTargetID = 5B4698562AF7D1D800E506AE;
					};
				};
			};
			buildConfigurationList = 5B4698522AF7D1D800E506AE /* Build configuration list for PBXProject "WeldDataTest" */;
			compatibilityVersion = "Xcode 14.0";
			developmentRegion = en;
			hasScannedForEncodings = 0;
			knownRegions = (
				en,
				Base,
			);
			mainGroup = 5B46984E2AF7D1D800E506AE;
			productRefGroup = 5B4698582AF7D1D800E506AE /* Products */;
			projectDirPath = "";
			projectRoot = "";
			targets = (
				5B4698562AF7D1D800E506AE /* WeldDataTest */,
				5B46986C2AF7D1DA00E506AE /* WeldDataTestTests */,
				5B4698762AF7D1DA00E506AE /* WeldDataTestUITests */,
			);
		};
/* End PBXProject section */

/* Begin PBXResourcesBuildPhase section */
		5B4698552AF7D1D800E506AE /* Resources */ = {
			isa = PBXResourcesBuildPhase;
			buildActionMask = 2147483647;
			files = (
				5B4698672AF7D1DA00E506AE /* LaunchScreen.storyboard in Resources */,
				5B4698642AF7D1DA00E506AE /* Assets.xcassets in Resources */,
				5B4698622AF7D1D800E506AE /* Main.storyboard in Resources */,
			);
			runOnlyForDeploymentPostprocessing = 0;
		};
		5B46986B2AF7D1DA00E506AE /* Resources */ = {
			isa = PBXResourcesBuildPhase;
			buildActionMask = 2147483647;
			files = (
			);
			runOnlyForDeploymentPostprocessing = 0;
		};
		5B4698752AF7D1DA00E506AE /* Resources */ = {
			isa = PBXResourcesBuildPhase;
			buildActionMask = 2147483647;
			files = (
			);
			runOnlyForDeploymentPostprocessing = 0;
		};
/* End PBXResourcesBuildPhase section */

/* Begin PBXSourcesBuildPhase section */
		5B4698532AF7D1D800E506AE /* Sources */ = {
			isa = PBXSourcesBuildPhase;
			buildActionMask = 2147483647;
			files = (
				5B4698952AFA901000E506AE /* StopWatchVC.swift in Sources */,
				5B46985F2AF7D1D800E506AE /* ViewController.swift in Sources */,
				5B46988B2AF7DFF900E506AE /* PassMenu.swift in Sources */,
				5B46985B2AF7D1D800E506AE /* AppDelegate.swift in Sources */,
				5B46988D2AF8003000E506AE /* SliderGridVC.swift in Sources */,
				5B46985D2AF7D1D800E506AE /* SceneDelegate.swift in Sources */,
			);
			runOnlyForDeploymentPostprocessing = 0;
		};
		5B4698692AF7D1DA00E506AE /* Sources */ = {
			isa = PBXSourcesBuildPhase;
			buildActionMask = 2147483647;
			files = (
				5B4698722AF7D1DA00E506AE /* WeldDataTestTests.swift in Sources */,
			);
			runOnlyForDeploymentPostprocessing = 0;
		};
		5B4698732AF7D1DA00E506AE /* Sources */ = {
			isa = PBXSourcesBuildPhase;
			buildActionMask = 2147483647;
			files = (
				5B46987E2AF7D1DA00E506AE /* WeldDataTestUITestsLaunchTests.swift in Sources */,
				5B46987C2AF7D1DA00E506AE /* WeldDataTestUITests.swift in Sources */,
			);
			runOnlyForDeploymentPostprocessing = 0;
		};
/* End PBXSourcesBuildPhase section */

/* Begin PBXTargetDependency section */
		5B46986F2AF7D1DA00E506AE /* PBXTargetDependency */ = {
			isa = PBXTargetDependency;
			target = 5B4698562AF7D1D800E506AE /* WeldDataTest */;
			targetProxy = 5B46986E2AF7D1DA00E506AE /* PBXContainerItemProxy */;
		};
		5B4698792AF7D1DA00E506AE /* PBXTargetDependency */ = {
			isa = PBXTargetDependency;
			target = 5B4698562AF7D1D800E506AE /* WeldDataTest */;
			targetProxy = 5B4698782AF7D1DA00E506AE /* PBXContainerItemProxy */;
		};
/* End PBXTargetDependency section */

/* Begin PBXVariantGroup section */
		5B4698602AF7D1D800E506AE /* Main.storyboard */ = {
			isa = PBXVariantGroup;
			children = (
				5B4698612AF7D1D800E506AE /* Base */,
			);
			name = Main.storyboard;
			sourceTree = "<group>";
		};
		5B4698652AF7D1DA00E506AE /* LaunchScreen.storyboard */ = {
			isa = PBXVariantGroup;
			children = (
				5B4698662AF7D1DA00E506AE /* Base */,
			);
			name = LaunchScreen.storyboard;
			sourceTree = "<group>";
		};
/* End PBXVariantGroup section */

/* Begin XCBuildConfiguration section */
		5B46987F2AF7D1DA00E506AE /* Debug */ = {
			isa = XCBuildConfiguration;
			buildSettings = {
				ALWAYS_SEARCH_USER_PATHS = NO;
				ASSETCATALOG_COMPILER_GENERATE_SWIFT_ASSET_SYMBOL_EXTENSIONS = YES;
				CLANG_ANALYZER_NONNULL = YES;
				CLANG_ANALYZER_NUMBER_OBJECT_CONVERSION = YES_AGGRESSIVE;
				CLANG_CXX_LANGUAGE_STANDARD = "gnu++20";
				CLANG_ENABLE_MODULES = YES;
				CLANG_ENABLE_OBJC_ARC = YES;
				CLANG_ENABLE_OBJC_WEAK = YES;
				CLANG_WARN_BLOCK_CAPTURE_AUTORELEASING = YES;
				CLANG_WARN_BOOL_CONVERSION = YES;
				CLANG_WARN_COMMA = YES;
				CLANG_WARN_CONSTANT_CONVERSION = YES;
				CLANG_WARN_DEPRECATED_OBJC_IMPLEMENTATIONS = YES;
				CLANG_WARN_DIRECT_OBJC_ISA_USAGE = YES_ERROR;
				CLANG_WARN_DOCUMENTATION_COMMENTS = YES;
				CLANG_WARN_EMPTY_BODY = YES;
				CLANG_WARN_ENUM_CONVERSION = YES;
				CLANG_WARN_INFINITE_RECURSION = YES;
				CLANG_WARN_INT_CONVERSION = YES;
				CLANG_WARN_NON_LITERAL_NULL_CONVERSION = YES;
				CLANG_WARN_OBJC_IMPLICIT_RETAIN_SELF = YES;
				CLANG_WARN_OBJC_LITERAL_CONVERSION = YES;
				CLANG_WARN_OBJC_ROOT_CLASS = YES_ERROR;
				CLANG_WARN_QUOTED_INCLUDE_IN_FRAMEWORK_HEADER = YES;
				CLANG_WARN_RANGE_LOOP_ANALYSIS = YES;
				CLANG_WARN_STRICT_PROTOTYPES = YES;
				CLANG_WARN_SUSPICIOUS_MOVE = YES;
				CLANG_WARN_UNGUARDED_AVAILABILITY = YES_AGGRESSIVE;
				CLANG_WARN_UNREACHABLE_CODE = YES;
				CLANG_WARN__DUPLICATE_METHOD_MATCH = YES;
				COPY_PHASE_STRIP = NO;
				DEBUG_INFORMATION_FORMAT = dwarf;
				ENABLE_STRICT_OBJC_MSGSEND = YES;
				ENABLE_TESTABILITY = YES;
				ENABLE_USER_SCRIPT_SANDBOXING = YES;
				GCC_C_LANGUAGE_STANDARD = gnu17;
				GCC_DYNAMIC_NO_PIC = NO;
				GCC_NO_COMMON_BLOCKS = YES;
				GCC_OPTIMIZATION_LEVEL = 0;
				GCC_PREPROCESSOR_DEFINITIONS = (
					"DEBUG=1",
					"$(inherited)",
				);
				GCC_WARN_64_TO_32_BIT_CONVERSION = YES;
				GCC_WARN_ABOUT_RETURN_TYPE = YES_ERROR;
				GCC_WARN_UNDECLARED_SELECTOR = YES;
				GCC_WARN_UNINITIALIZED_AUTOS = YES_AGGRESSIVE;
				GCC_WARN_UNUSED_FUNCTION = YES;
				GCC_WARN_UNUSED_VARIABLE = YES;
				IPHONEOS_DEPLOYMENT_TARGET = 17.0;
				LOCALIZATION_PREFERS_STRING_CATALOGS = YES;
				MTL_ENABLE_DEBUG_INFO = INCLUDE_SOURCE;
				MTL_FAST_MATH = YES;
				ONLY_ACTIVE_ARCH = YES;
				SDKROOT = iphoneos;
				SWIFT_ACTIVE_COMPILATION_CONDITIONS = "DEBUG $(inherited)";
				SWIFT_OPTIMIZATION_LEVEL = "-Onone";
			};
			name = Debug;
		};
		5B4698802AF7D1DA00E506AE /* Release */ = {
			isa = XCBuildConfiguration;
			buildSettings = {
				ALWAYS_SEARCH_USER_PATHS = NO;
				ASSETCATALOG_COMPILER_GENERATE_SWIFT_ASSET_SYMBOL_EXTENSIONS = YES;
				CLANG_ANALYZER_NONNULL = YES;
				CLANG_ANALYZER_NUMBER_OBJECT_CONVERSION = YES_AGGRESSIVE;
				CLANG_CXX_LANGUAGE_STANDARD = "gnu++20";
				CLANG_ENABLE_MODULES = YES;
				CLANG_ENABLE_OBJC_ARC = YES;
				CLANG_ENABLE_OBJC_WEAK = YES;
				CLANG_WARN_BLOCK_CAPTURE_AUTORELEASING = YES;
				CLANG_WARN_BOOL_CONVERSION = YES;
				CLANG_WARN_COMMA = YES;
				CLANG_WARN_CONSTANT_CONVERSION = YES;
				CLANG_WARN_DEPRECATED_OBJC_IMPLEMENTATIONS = YES;
				CLANG_WARN_DIRECT_OBJC_ISA_USAGE = YES_ERROR;
				CLANG_WARN_DOCUMENTATION_COMMENTS = YES;
				CLANG_WARN_EMPTY_BODY = YES;
				CLANG_WARN_ENUM_CONVERSION = YES;
				CLANG_WARN_INFINITE_RECURSION = YES;
				CLANG_WARN_INT_CONVERSION = YES;
				CLANG_WARN_NON_LITERAL_NULL_CONVERSION = YES;
				CLANG_WARN_OBJC_IMPLICIT_RETAIN_SELF = YES;
				CLANG_WARN_OBJC_LITERAL_CONVERSION = YES;
				CLANG_WARN_OBJC_ROOT_CLASS = YES_ERROR;
				CLANG_WARN_QUOTED_INCLUDE_IN_FRAMEWORK_HEADER = YES;
				CLANG_WARN_RANGE_LOOP_ANALYSIS = YES;
				CLANG_WARN_STRICT_PROTOTYPES = YES;
				CLANG_WARN_SUSPICIOUS_MOVE = YES;
				CLANG_WARN_UNGUARDED_AVAILABILITY = YES_AGGRESSIVE;
				CLANG_WARN_UNREACHABLE_CODE = YES;
				CLANG_WARN__DUPLICATE_METHOD_MATCH = YES;
				COPY_PHASE_STRIP = NO;
				DEBUG_INFORMATION_FORMAT = "dwarf-with-dsym";
				ENABLE_NS_ASSERTIONS = NO;
				ENABLE_STRICT_OBJC_MSGSEND = YES;
				ENABLE_USER_SCRIPT_SANDBOXING = YES;
				GCC_C_LANGUAGE_STANDARD = gnu17;
				GCC_NO_COMMON_BLOCKS = YES;
				GCC_WARN_64_TO_32_BIT_CONVERSION = YES;
				GCC_WARN_ABOUT_RETURN_TYPE = YES_ERROR;
				GCC_WARN_UNDECLARED_SELECTOR = YES;
				GCC_WARN_UNINITIALIZED_AUTOS = YES_AGGRESSIVE;
				GCC_WARN_UNUSED_FUNCTION = YES;
				GCC_WARN_UNUSED_VARIABLE = YES;
				IPHONEOS_DEPLOYMENT_TARGET = 17.0;
				LOCALIZATION_PREFERS_STRING_CATALOGS = YES;
				MTL_ENABLE_DEBUG_INFO = NO;
				MTL_FAST_MATH = YES;
				SDKROOT = iphoneos;
				SWIFT_COMPILATION_MODE = wholemodule;
				VALIDATE_PRODUCT = YES;
			};
			name = Release;
		};
		5B4698822AF7D1DA00E506AE /* Debug */ = {
			isa = XCBuildConfiguration;
			buildSettings = {
				ASSETCATALOG_COMPILER_APPICON_NAME = AppIcon;
				ASSETCATALOG_COMPILER_GLOBAL_ACCENT_COLOR_NAME = AccentColor;
				CODE_SIGN_STYLE = Automatic;
				CURRENT_PROJECT_VERSION = 1;
				GENERATE_INFOPLIST_FILE = YES;
				INFOPLIST_FILE = WeldDataTest/Info.plist;
				INFOPLIST_KEY_UIApplicationSupportsIndirectInputEvents = YES;
				INFOPLIST_KEY_UILaunchStoryboardName = LaunchScreen;
				INFOPLIST_KEY_UIMainStoryboardFile = Main;
				INFOPLIST_KEY_UISupportedInterfaceOrientations_iPad = "UIInterfaceOrientationPortrait UIInterfaceOrientationPortraitUpsideDown UIInterfaceOrientationLandscapeLeft UIInterfaceOrientationLandscapeRight";
				INFOPLIST_KEY_UISupportedInterfaceOrientations_iPhone = "UIInterfaceOrientationPortrait UIInterfaceOrientationLandscapeLeft UIInterfaceOrientationLandscapeRight";
				LD_RUNPATH_SEARCH_PATHS = (
					"$(inherited)",
					"@executable_path/Frameworks",
				);
				MARKETING_VERSION = 1.0;
				PRODUCT_BUNDLE_IDENTIFIER = DragonFireWelding.WeldDataTest;
				PRODUCT_NAME = "$(TARGET_NAME)";
				SWIFT_EMIT_LOC_STRINGS = YES;
				SWIFT_VERSION = 5.0;
				TARGETED_DEVICE_FAMILY = "1,2";
			};
			name = Debug;
		};
		5B4698832AF7D1DA00E506AE /* Release */ = {
			isa = XCBuildConfiguration;
			buildSettings = {
				ASSETCATALOG_COMPILER_APPICON_NAME = AppIcon;
				ASSETCATALOG_COMPILER_GLOBAL_ACCENT_COLOR_NAME = AccentColor;
				CODE_SIGN_STYLE = Automatic;
				CURRENT_PROJECT_VERSION = 1;
				GENERATE_INFOPLIST_FILE = YES;
				INFOPLIST_FILE = WeldDataTest/Info.plist;
				INFOPLIST_KEY_UIApplicationSupportsIndirectInputEvents = YES;
				INFOPLIST_KEY_UILaunchStoryboardName = LaunchScreen;
				INFOPLIST_KEY_UIMainStoryboardFile = Main;
				INFOPLIST_KEY_UISupportedInterfaceOrientations_iPad = "UIInterfaceOrientationPortrait UIInterfaceOrientationPortraitUpsideDown UIInterfaceOrientationLandscapeLeft UIInterfaceOrientationLandscapeRight";
				INFOPLIST_KEY_UISupportedInterfaceOrientations_iPhone = "UIInterfaceOrientationPortrait UIInterfaceOrientationLandscapeLeft UIInterfaceOrientationLandscapeRight";
				LD_RUNPATH_SEARCH_PATHS = (
					"$(inherited)",
					"@executable_path/Frameworks",
				);
				MARKETING_VERSION = 1.0;
				PRODUCT_BUNDLE_IDENTIFIER = DragonFireWelding.WeldDataTest;
				PRODUCT_NAME = "$(TARGET_NAME)";
				SWIFT_EMIT_LOC_STRINGS = YES;
				SWIFT_VERSION = 5.0;
				TARGETED_DEVICE_FAMILY = "1,2";
			};
			name = Release;
		};
		5B4698852AF7D1DA00E506AE /* Debug */ = {
			isa = XCBuildConfiguration;
			buildSettings = {
				ALWAYS_EMBED_SWIFT_STANDARD_LIBRARIES = YES;
				BUNDLE_LOADER = "$(TEST_HOST)";
				CODE_SIGN_STYLE = Automatic;
				CURRENT_PROJECT_VERSION = 1;
				GENERATE_INFOPLIST_FILE = YES;
				IPHONEOS_DEPLOYMENT_TARGET = 17.0;
				MARKETING_VERSION = 1.0;
				PRODUCT_BUNDLE_IDENTIFIER = DragonFireWelding.WeldDataTestTests;
				PRODUCT_NAME = "$(TARGET_NAME)";
				SWIFT_EMIT_LOC_STRINGS = NO;
				SWIFT_VERSION = 5.0;
				TARGETED_DEVICE_FAMILY = "1,2";
				TEST_HOST = "$(BUILT_PRODUCTS_DIR)/WeldDataTest.app/$(BUNDLE_EXECUTABLE_FOLDER_PATH)/WeldDataTest";
			};
			name = Debug;
		};
		5B4698862AF7D1DA00E506AE /* Release */ = {
			isa = XCBuildConfiguration;
			buildSettings = {
				ALWAYS_EMBED_SWIFT_STANDARD_LIBRARIES = YES;
				BUNDLE_LOADER = "$(TEST_HOST)";
				CODE_SIGN_STYLE = Automatic;
				CURRENT_PROJECT_VERSION = 1;
				GENERATE_INFOPLIST_FILE = YES;
				IPHONEOS_DEPLOYMENT_TARGET = 17.0;
				MARKETING_VERSION = 1.0;
				PRODUCT_BUNDLE_IDENTIFIER = DragonFireWelding.WeldDataTestTests;
				PRODUCT_NAME = "$(TARGET_NAME)";
				SWIFT_EMIT_LOC_STRINGS = NO;
				SWIFT_VERSION = 5.0;
				TARGETED_DEVICE_FAMILY = "1,2";
				TEST_HOST = "$(BUILT_PRODUCTS_DIR)/WeldDataTest.app/$(BUNDLE_EXECUTABLE_FOLDER_PATH)/WeldDataTest";
			};
			name = Release;
		};
		5B4698882AF7D1DA00E506AE /* Debug */ = {
			isa = XCBuildConfiguration;
			buildSettings = {
				ALWAYS_EMBED_SWIFT_STANDARD_LIBRARIES = YES;
				CODE_SIGN_STYLE = Automatic;
				CURRENT_PROJECT_VERSION = 1;
				GENERATE_INFOPLIST_FILE = YES;
				MARKETING_VERSION = 1.0;
				PRODUCT_BUNDLE_IDENTIFIER = DragonFireWelding.WeldDataTestUITests;
				PRODUCT_NAME = "$(TARGET_NAME)";
				SWIFT_EMIT_LOC_STRINGS = NO;
				SWIFT_VERSION = 5.0;
				TARGETED_DEVICE_FAMILY = "1,2";
				TEST_TARGET_NAME = WeldDataTest;
			};
			name = Debug;
		};
		5B4698892AF7D1DA00E506AE /* Release */ = {
			isa = XCBuildConfiguration;
			buildSettings = {
				ALWAYS_EMBED_SWIFT_STANDARD_LIBRARIES = YES;
				CODE_SIGN_STYLE = Automatic;
				CURRENT_PROJECT_VERSION = 1;
				GENERATE_INFOPLIST_FILE = YES;
				MARKETING_VERSION = 1.0;
				PRODUCT_BUNDLE_IDENTIFIER = DragonFireWelding.WeldDataTestUITests;
				PRODUCT_NAME = "$(TARGET_NAME)";
				SWIFT_EMIT_LOC_STRINGS = NO;
				SWIFT_VERSION = 5.0;
				TARGETED_DEVICE_FAMILY = "1,2";
				TEST_TARGET_NAME = WeldDataTest;
			};
			name = Release;
		};
/* End XCBuildConfiguration section */

/* Begin XCConfigurationList section */
		5B4698522AF7D1D800E506AE /* Build configuration list for PBXProject "WeldDataTest" */ = {
			isa = XCConfigurationList;
			buildConfigurations = (
				5B46987F2AF7D1DA00E506AE /* Debug */,
				5B4698802AF7D1DA00E506AE /* Release */,
			);
			defaultConfigurationIsVisible = 0;
			defaultConfigurationName = Release;
		};
		5B4698812AF7D1DA00E506AE /* Build configuration list for PBXNativeTarget "WeldDataTest" */ = {
			isa = XCConfigurationList;
			buildConfigurations = (
				5B4698822AF7D1DA00E506AE /* Debug */,
				5B4698832AF7D1DA00E506AE /* Release */,
			);
			defaultConfigurationIsVisible = 0;
			defaultConfigurationName = Release;
		};
		5B4698842AF7D1DA00E506AE /* Build configuration list for PBXNativeTarget "WeldDataTestTests" */ = {
			isa = XCConfigurationList;
			buildConfigurations = (
				5B4698852AF7D1DA00E506AE /* Debug */,
				5B4698862AF7D1DA00E506AE /* Release */,
			);
			defaultConfigurationIsVisible = 0;
			defaultConfigurationName = Release;
		};
		5B4698872AF7D1DA00E506AE /* Build configuration list for PBXNativeTarget "WeldDataTestUITests" */ = {
			isa = XCConfigurationList;
			buildConfigurations = (
				5B4698882AF7D1DA00E506AE /* Debug */,
				5B4698892AF7D1DA00E506AE /* Release */,
			);
			defaultConfigurationIsVisible = 0;
			defaultConfigurationName = Release;
		};
/* End XCConfigurationList section */
	};
	rootObject = 5B46984F2AF7D1D800E506AE /* Project object */;
}
